// !$*UTF8*$!
{
	archiveVersion = 1;
	classes = {
	};
	objectVersion = 50;
	objects = {

/* Begin PBXBuildFile section */
		DD4DEE46245049FC009619BA /* AppDelegate.swift in Sources */ = {isa = PBXBuildFile; fileRef = DD4DEE45245049FC009619BA /* AppDelegate.swift */; };
		DD4DEE48245049FC009619BA /* SceneDelegate.swift in Sources */ = {isa = PBXBuildFile; fileRef = DD4DEE47245049FC009619BA /* SceneDelegate.swift */; };
		DD4DEE4A245049FC009619BA /* ViewController.swift in Sources */ = {isa = PBXBuildFile; fileRef = DD4DEE49245049FC009619BA /* ViewController.swift */; };
		DD4DEE4D245049FC009619BA /* Main.storyboard in Resources */ = {isa = PBXBuildFile; fileRef = DD4DEE4B245049FC009619BA /* Main.storyboard */; };
		DD4DEE4F245049FD009619BA /* Assets.xcassets in Resources */ = {isa = PBXBuildFile; fileRef = DD4DEE4E245049FD009619BA /* Assets.xcassets */; };
		DD4DEE52245049FD009619BA /* LaunchScreen.storyboard in Resources */ = {isa = PBXBuildFile; fileRef = DD4DEE50245049FD009619BA /* LaunchScreen.storyboard */; };
		DD4DEE5D245049FD009619BA /* SetTests.swift in Sources */ = {isa = PBXBuildFile; fileRef = DD4DEE5C245049FD009619BA /* SetTests.swift */; };
		DD4DEE68245049FD009619BA /* SetUITests.swift in Sources */ = {isa = PBXBuildFile; fileRef = DD4DEE67245049FD009619BA /* SetUITests.swift */; };
		DD4DEE7724505AC5009619BA /* SetCard.swift in Sources */ = {isa = PBXBuildFile; fileRef = DD4DEE7624505AC5009619BA /* SetCard.swift */; };
		DD4DEE7924505DB0009619BA /* SetGame.swift in Sources */ = {isa = PBXBuildFile; fileRef = DD4DEE7824505DB0009619BA /* SetGame.swift */; };
/* End PBXBuildFile section */

/* Begin PBXContainerItemProxy section */
		DD4DEE59245049FD009619BA /* PBXContainerItemProxy */ = {
			isa = PBXContainerItemProxy;
			containerPortal = DD4DEE3A245049FC009619BA /* Project object */;
			proxyType = 1;
			remoteGlobalIDString = DD4DEE41245049FC009619BA;
			remoteInfo = Set;
		};
		DD4DEE64245049FD009619BA /* PBXContainerItemProxy */ = {
			isa = PBXContainerItemProxy;
			containerPortal = DD4DEE3A245049FC009619BA /* Project object */;
			proxyType = 1;
			remoteGlobalIDString = DD4DEE41245049FC009619BA;
			remoteInfo = Set;
		};
/* End PBXContainerItemProxy section */

/* Begin PBXFileReference section */
		DD4DEE42245049FC009619BA /* Set.app */ = {isa = PBXFileReference; explicitFileType = wrapper.application; includeInIndex = 0; path = Set.app; sourceTree = BUILT_PRODUCTS_DIR; };
		DD4DEE45245049FC009619BA /* AppDelegate.swift */ = {isa = PBXFileReference; lastKnownFileType = sourcecode.swift; path = AppDelegate.swift; sourceTree = "<group>"; };
		DD4DEE47245049FC009619BA /* SceneDelegate.swift */ = {isa = PBXFileReference; lastKnownFileType = sourcecode.swift; path = SceneDelegate.swift; sourceTree = "<group>"; };
		DD4DEE49245049FC009619BA /* ViewController.swift */ = {isa = PBXFileReference; lastKnownFileType = sourcecode.swift; path = ViewController.swift; sourceTree = "<group>"; };
		DD4DEE4C245049FC009619BA /* Base */ = {isa = PBXFileReference; lastKnownFileType = file.storyboard; name = Base; path = Base.lproj/Main.storyboard; sourceTree = "<group>"; };
		DD4DEE4E245049FD009619BA /* Assets.xcassets */ = {isa = PBXFileReference; lastKnownFileType = folder.assetcatalog; path = Assets.xcassets; sourceTree = "<group>"; };
		DD4DEE51245049FD009619BA /* Base */ = {isa = PBXFileReference; lastKnownFileType = file.storyboard; name = Base; path = Base.lproj/LaunchScreen.storyboard; sourceTree = "<group>"; };
		DD4DEE53245049FD009619BA /* Info.plist */ = {isa = PBXFileReference; lastKnownFileType = text.plist.xml; path = Info.plist; sourceTree = "<group>"; };
		DD4DEE58245049FD009619BA /* SetTests.xctest */ = {isa = PBXFileReference; explicitFileType = wrapper.cfbundle; includeInIndex = 0; path = SetTests.xctest; sourceTree = BUILT_PRODUCTS_DIR; };
		DD4DEE5C245049FD009619BA /* SetTests.swift */ = {isa = PBXFileReference; lastKnownFileType = sourcecode.swift; path = SetTests.swift; sourceTree = "<group>"; };
		DD4DEE5E245049FD009619BA /* Info.plist */ = {isa = PBXFileReference; lastKnownFileType = text.plist.xml; path = Info.plist; sourceTree = "<group>"; };
		DD4DEE63245049FD009619BA /* SetUITests.xctest */ = {isa = PBXFileReference; explicitFileType = wrapper.cfbundle; includeInIndex = 0; path = SetUITests.xctest; sourceTree = BUILT_PRODUCTS_DIR; };
		DD4DEE67245049FD009619BA /* SetUITests.swift */ = {isa = PBXFileReference; lastKnownFileType = sourcecode.swift; path = SetUITests.swift; sourceTree = "<group>"; };
		DD4DEE69245049FD009619BA /* Info.plist */ = {isa = PBXFileReference; lastKnownFileType = text.plist.xml; path = Info.plist; sourceTree = "<group>"; };
		DD4DEE7624505AC5009619BA /* SetCard.swift */ = {isa = PBXFileReference; lastKnownFileType = sourcecode.swift; path = SetCard.swift; sourceTree = "<group>"; };
		DD4DEE7824505DB0009619BA /* SetGame.swift */ = {isa = PBXFileReference; lastKnownFileType = sourcecode.swift; path = SetGame.swift; sourceTree = "<group>"; };
/* End PBXFileReference section */

/* Begin PBXFrameworksBuildPhase section */
		DD4DEE3F245049FC009619BA /* Frameworks */ = {
			isa = PBXFrameworksBuildPhase;
			buildActionMask = 2147483647;
			files = (
			);
			runOnlyForDeploymentPostprocessing = 0;
		};
		DD4DEE55245049FD009619BA /* Frameworks */ = {
			isa = PBXFrameworksBuildPhase;
			buildActionMask = 2147483647;
			files = (
			);
			runOnlyForDeploymentPostprocessing = 0;
		};
		DD4DEE60245049FD009619BA /* Frameworks */ = {
			isa = PBXFrameworksBuildPhase;
			buildActionMask = 2147483647;
			files = (
			);
			runOnlyForDeploymentPostprocessing = 0;
		};
/* End PBXFrameworksBuildPhase section */

/* Begin PBXGroup section */
		DD4DEE39245049FC009619BA = {
			isa = PBXGroup;
			children = (
				DD4DEE44245049FC009619BA /* Set */,
				DD4DEE5B245049FD009619BA /* SetTests */,
				DD4DEE66245049FD009619BA /* SetUITests */,
				DD4DEE43245049FC009619BA /* Products */,
			);
			sourceTree = "<group>";
		};
		DD4DEE43245049FC009619BA /* Products */ = {
			isa = PBXGroup;
			children = (
				DD4DEE42245049FC009619BA /* Set.app */,
				DD4DEE58245049FD009619BA /* SetTests.xctest */,
				DD4DEE63245049FD009619BA /* SetUITests.xctest */,
			);
			name = Products;
			sourceTree = "<group>";
		};
		DD4DEE44245049FC009619BA /* Set */ = {
			isa = PBXGroup;
			children = (
				DD4DEE7624505AC5009619BA /* SetCard.swift */,
				DD4DEE7824505DB0009619BA /* SetGame.swift */,
				DD4DEE49245049FC009619BA /* ViewController.swift */,
				DD4DEE4B245049FC009619BA /* Main.storyboard */,
				DD4DEE7524504A12009619BA /* other files */,
				DD4DEE53245049FD009619BA /* Info.plist */,
			);
			path = Set;
			sourceTree = "<group>";
		};
		DD4DEE5B245049FD009619BA /* SetTests */ = {
			isa = PBXGroup;
			children = (
				DD4DEE5C245049FD009619BA /* SetTests.swift */,
				DD4DEE5E245049FD009619BA /* Info.plist */,
			);
			path = SetTests;
			sourceTree = "<group>";
		};
		DD4DEE66245049FD009619BA /* SetUITests */ = {
			isa = PBXGroup;
			children = (
				DD4DEE67245049FD009619BA /* SetUITests.swift */,
				DD4DEE69245049FD009619BA /* Info.plist */,
			);
			path = SetUITests;
			sourceTree = "<group>";
		};
		DD4DEE7524504A12009619BA /* other files */ = {
			isa = PBXGroup;
			children = (
				DD4DEE45245049FC009619BA /* AppDelegate.swift */,
				DD4DEE47245049FC009619BA /* SceneDelegate.swift */,
				DD4DEE4E245049FD009619BA /* Assets.xcassets */,
				DD4DEE50245049FD009619BA /* LaunchScreen.storyboard */,
			);
			path = "other files";
			sourceTree = "<group>";
		};
/* End PBXGroup section */

/* Begin PBXNativeTarget section */
		DD4DEE41245049FC009619BA /* Set */ = {
			isa = PBXNativeTarget;
			buildConfigurationList = DD4DEE6C245049FD009619BA /* Build configuration list for PBXNativeTarget "Set" */;
			buildPhases = (
				DD4DEE3E245049FC009619BA /* Sources */,
				DD4DEE3F245049FC009619BA /* Frameworks */,
				DD4DEE40245049FC009619BA /* Resources */,
			);
			buildRules = (
			);
			dependencies = (
			);
			name = Set;
			productName = Set;
			productReference = DD4DEE42245049FC009619BA /* Set.app */;
			productType = "com.apple.product-type.application";
		};
		DD4DEE57245049FD009619BA /* SetTests */ = {
			isa = PBXNativeTarget;
			buildConfigurationList = DD4DEE6F245049FD009619BA /* Build configuration list for PBXNativeTarget "SetTests" */;
			buildPhases = (
				DD4DEE54245049FD009619BA /* Sources */,
				DD4DEE55245049FD009619BA /* Frameworks */,
				DD4DEE56245049FD009619BA /* Resources */,
			);
			buildRules = (
			);
			dependencies = (
				DD4DEE5A245049FD009619BA /* PBXTargetDependency */,
			);
			name = SetTests;
			productName = SetTests;
			productReference = DD4DEE58245049FD009619BA /* SetTests.xctest */;
			productType = "com.apple.product-type.bundle.unit-test";
		};
		DD4DEE62245049FD009619BA /* SetUITests */ = {
			isa = PBXNativeTarget;
			buildConfigurationList = DD4DEE72245049FD009619BA /* Build configuration list for PBXNativeTarget "SetUITests" */;
			buildPhases = (
				DD4DEE5F245049FD009619BA /* Sources */,
				DD4DEE60245049FD009619BA /* Frameworks */,
				DD4DEE61245049FD009619BA /* Resources */,
			);
			buildRules = (
			);
			dependencies = (
				DD4DEE65245049FD009619BA /* PBXTargetDependency */,
			);
			name = SetUITests;
			productName = SetUITests;
			productReference = DD4DEE63245049FD009619BA /* SetUITests.xctest */;
			productType = "com.apple.product-type.bundle.ui-testing";
		};
/* End PBXNativeTarget section */

/* Begin PBXProject section */
		DD4DEE3A245049FC009619BA /* Project object */ = {
			isa = PBXProject;
			attributes = {
				LastSwiftUpdateCheck = 1140;
				LastUpgradeCheck = 1140;
				ORGANIZATIONNAME = "Vadym Bogdan";
				TargetAttributes = {
					DD4DEE41245049FC009619BA = {
						CreatedOnToolsVersion = 11.4.1;
					};
					DD4DEE57245049FD009619BA = {
						CreatedOnToolsVersion = 11.4.1;
						TestTargetID = DD4DEE41245049FC009619BA;
					};
					DD4DEE62245049FD009619BA = {
						CreatedOnToolsVersion = 11.4.1;
						TestTargetID = DD4DEE41245049FC009619BA;
					};
				};
			};
			buildConfigurationList = DD4DEE3D245049FC009619BA /* Build configuration list for PBXProject "Set" */;
			compatibilityVersion = "Xcode 9.3";
			developmentRegion = en;
			hasScannedForEncodings = 0;
			knownRegions = (
				en,
				Base,
			);
			mainGroup = DD4DEE39245049FC009619BA;
			productRefGroup = DD4DEE43245049FC009619BA /* Products */;
			projectDirPath = "";
			projectRoot = "";
			targets = (
				DD4DEE41245049FC009619BA /* Set */,
				DD4DEE57245049FD009619BA /* SetTests */,
				DD4DEE62245049FD009619BA /* SetUITests */,
			);
		};
/* End PBXProject section */

/* Begin PBXResourcesBuildPhase section */
		DD4DEE40245049FC009619BA /* Resources */ = {
			isa = PBXResourcesBuildPhase;
			buildActionMask = 2147483647;
			files = (
				DD4DEE52245049FD009619BA /* LaunchScreen.storyboard in Resources */,
				DD4DEE4F245049FD009619BA /* Assets.xcassets in Resources */,
				DD4DEE4D245049FC009619BA /* Main.storyboard in Resources */,
			);
			runOnlyForDeploymentPostprocessing = 0;
		};
		DD4DEE56245049FD009619BA /* Resources */ = {
			isa = PBXResourcesBuildPhase;
			buildActionMask = 2147483647;
			files = (
			);
			runOnlyForDeploymentPostprocessing = 0;
		};
		DD4DEE61245049FD009619BA /* Resources */ = {
			isa = PBXResourcesBuildPhase;
			buildActionMask = 2147483647;
			files = (
			);
			runOnlyForDeploymentPostprocessing = 0;
		};
/* End PBXResourcesBuildPhase section */

/* Begin PBXSourcesBuildPhase section */
		DD4DEE3E245049FC009619BA /* Sources */ = {
			isa = PBXSourcesBuildPhase;
			buildActionMask = 2147483647;
			files = (
				DD4DEE4A245049FC009619BA /* ViewController.swift in Sources */,
				DD4DEE46245049FC009619BA /* AppDelegate.swift in Sources */,
				DD4DEE7924505DB0009619BA /* SetGame.swift in Sources */,
				DD4DEE7724505AC5009619BA /* SetCard.swift in Sources */,
				DD4DEE48245049FC009619BA /* SceneDelegate.swift in Sources */,
			);
			runOnlyForDeploymentPostprocessing = 0;
		};
		DD4DEE54245049FD009619BA /* Sources */ = {
			isa = PBXSourcesBuildPhase;
			buildActionMask = 2147483647;
			files = (
				DD4DEE5D245049FD009619BA /* SetTests.swift in Sources */,
			);
			runOnlyForDeploymentPostprocessing = 0;
		};
		DD4DEE5F245049FD009619BA /* Sources */ = {
			isa = PBXSourcesBuildPhase;
			buildActionMask = 2147483647;
			files = (
				DD4DEE68245049FD009619BA /* SetUITests.swift in Sources */,
			);
			runOnlyForDeploymentPostprocessing = 0;
		};
/* End PBXSourcesBuildPhase section */

/* Begin PBXTargetDependency section */
		DD4DEE5A245049FD009619BA /* PBXTargetDependency */ = {
			isa = PBXTargetDependency;
			target = DD4DEE41245049FC009619BA /* Set */;
			targetProxy = DD4DEE59245049FD009619BA /* PBXContainerItemProxy */;
		};
		DD4DEE65245049FD009619BA /* PBXTargetDependency */ = {
			isa = PBXTargetDependency;
			target = DD4DEE41245049FC009619BA /* Set */;
			targetProxy = DD4DEE64245049FD009619BA /* PBXContainerItemProxy */;
		};
/* End PBXTargetDependency section */

/* Begin PBXVariantGroup section */
		DD4DEE4B245049FC009619BA /* Main.storyboard */ = {
			isa = PBXVariantGroup;
			children = (
				DD4DEE4C245049FC009619BA /* Base */,
			);
			name = Main.storyboard;
			sourceTree = "<group>";
		};
		DD4DEE50245049FD009619BA /* LaunchScreen.storyboard */ = {
			isa = PBXVariantGroup;
			children = (
				DD4DEE51245049FD009619BA /* Base */,
			);
			name = LaunchScreen.storyboard;
			sourceTree = "<group>";
		};
/* End PBXVariantGroup section */

/* Begin XCBuildConfiguration section */
		DD4DEE6A245049FD009619BA /* Debug */ = {
			isa = XCBuildConfiguration;
			buildSettings = {
				ALWAYS_SEARCH_USER_PATHS = NO;
				CLANG_ANALYZER_NONNULL = YES;
				CLANG_ANALYZER_NUMBER_OBJECT_CONVERSION = YES_AGGRESSIVE;
				CLANG_CXX_LANGUAGE_STANDARD = "gnu++14";
				CLANG_CXX_LIBRARY = "libc++";
				CLANG_ENABLE_MODULES = YES;
				CLANG_ENABLE_OBJC_ARC = YES;
				CLANG_ENABLE_OBJC_WEAK = YES;
				CLANG_WARN_BLOCK_CAPTURE_AUTORELEASING = YES;
				CLANG_WARN_BOOL_CONVERSION = YES;
				CLANG_WARN_COMMA = YES;
				CLANG_WARN_CONSTANT_CONVERSION = YES;
				CLANG_WARN_DEPRECATED_OBJC_IMPLEMENTATIONS = YES;
				CLANG_WARN_DIRECT_OBJC_ISA_USAGE = YES_ERROR;
				CLANG_WARN_DOCUMENTATION_COMMENTS = YES;
				CLANG_WARN_EMPTY_BODY = YES;
				CLANG_WARN_ENUM_CONVERSION = YES;
				CLANG_WARN_INFINITE_RECURSION = YES;
				CLANG_WARN_INT_CONVERSION = YES;
				CLANG_WARN_NON_LITERAL_NULL_CONVERSION = YES;
				CLANG_WARN_OBJC_IMPLICIT_RETAIN_SELF = YES;
				CLANG_WARN_OBJC_LITERAL_CONVERSION = YES;
				CLANG_WARN_OBJC_ROOT_CLASS = YES_ERROR;
				CLANG_WARN_RANGE_LOOP_ANALYSIS = YES;
				CLANG_WARN_STRICT_PROTOTYPES = YES;
				CLANG_WARN_SUSPICIOUS_MOVE = YES;
				CLANG_WARN_UNGUARDED_AVAILABILITY = YES_AGGRESSIVE;
				CLANG_WARN_UNREACHABLE_CODE = YES;
				CLANG_WARN__DUPLICATE_METHOD_MATCH = YES;
				COPY_PHASE_STRIP = NO;
				DEBUG_INFORMATION_FORMAT = dwarf;
				ENABLE_STRICT_OBJC_MSGSEND = YES;
				ENABLE_TESTABILITY = YES;
				GCC_C_LANGUAGE_STANDARD = gnu11;
				GCC_DYNAMIC_NO_PIC = NO;
				GCC_NO_COMMON_BLOCKS = YES;
				GCC_OPTIMIZATION_LEVEL = 0;
				GCC_PREPROCESSOR_DEFINITIONS = (
					"DEBUG=1",
					"$(inherited)",
				);
				GCC_WARN_64_TO_32_BIT_CONVERSION = YES;
				GCC_WARN_ABOUT_RETURN_TYPE = YES_ERROR;
				GCC_WARN_UNDECLARED_SELECTOR = YES;
				GCC_WARN_UNINITIALIZED_AUTOS = YES_AGGRESSIVE;
				GCC_WARN_UNUSED_FUNCTION = YES;
				GCC_WARN_UNUSED_VARIABLE = YES;
				IPHONEOS_DEPLOYMENT_TARGET = 13.4;
				MTL_ENABLE_DEBUG_INFO = INCLUDE_SOURCE;
				MTL_FAST_MATH = YES;
				ONLY_ACTIVE_ARCH = YES;
				SDKROOT = iphoneos;
				SWIFT_ACTIVE_COMPILATION_CONDITIONS = DEBUG;
				SWIFT_OPTIMIZATION_LEVEL = "-Onone";
			};
			name = Debug;
		};
		DD4DEE6B245049FD009619BA /* Release */ = {
			isa = XCBuildConfiguration;
			buildSettings = {
				ALWAYS_SEARCH_USER_PATHS = NO;
				CLANG_ANALYZER_NONNULL = YES;
				CLANG_ANALYZER_NUMBER_OBJECT_CONVERSION = YES_AGGRESSIVE;
				CLANG_CXX_LANGUAGE_STANDARD = "gnu++14";
				CLANG_CXX_LIBRARY = "libc++";
				CLANG_ENABLE_MODULES = YES;
				CLANG_ENABLE_OBJC_ARC = YES;
				CLANG_ENABLE_OBJC_WEAK = YES;
				CLANG_WARN_BLOCK_CAPTURE_AUTORELEASING = YES;
				CLANG_WARN_BOOL_CONVERSION = YES;
				CLANG_WARN_COMMA = YES;
				CLANG_WARN_CONSTANT_CONVERSION = YES;
				CLANG_WARN_DEPRECATED_OBJC_IMPLEMENTATIONS = YES;
				CLANG_WARN_DIRECT_OBJC_ISA_USAGE = YES_ERROR;
				CLANG_WARN_DOCUMENTATION_COMMENTS = YES;
				CLANG_WARN_EMPTY_BODY = YES;
				CLANG_WARN_ENUM_CONVERSION = YES;
				CLANG_WARN_INFINITE_RECURSION = YES;
				CLANG_WARN_INT_CONVERSION = YES;
				CLANG_WARN_NON_LITERAL_NULL_CONVERSION = YES;
				CLANG_WARN_OBJC_IMPLICIT_RETAIN_SELF = YES;
				CLANG_WARN_OBJC_LITERAL_CONVERSION = YES;
				CLANG_WARN_OBJC_ROOT_CLASS = YES_ERROR;
				CLANG_WARN_RANGE_LOOP_ANALYSIS = YES;
				CLANG_WARN_STRICT_PROTOTYPES = YES;
				CLANG_WARN_SUSPICIOUS_MOVE = YES;
				CLANG_WARN_UNGUARDED_AVAILABILITY = YES_AGGRESSIVE;
				CLANG_WARN_UNREACHABLE_CODE = YES;
				CLANG_WARN__DUPLICATE_METHOD_MATCH = YES;
				COPY_PHASE_STRIP = NO;
				DEBUG_INFORMATION_FORMAT = "dwarf-with-dsym";
				ENABLE_NS_ASSERTIONS = NO;
				ENABLE_STRICT_OBJC_MSGSEND = YES;
				GCC_C_LANGUAGE_STANDARD = gnu11;
				GCC_NO_COMMON_BLOCKS = YES;
				GCC_WARN_64_TO_32_BIT_CONVERSION = YES;
				GCC_WARN_ABOUT_RETURN_TYPE = YES_ERROR;
				GCC_WARN_UNDECLARED_SELECTOR = YES;
				GCC_WARN_UNINITIALIZED_AUTOS = YES_AGGRESSIVE;
				GCC_WARN_UNUSED_FUNCTION = YES;
				GCC_WARN_UNUSED_VARIABLE = YES;
				IPHONEOS_DEPLOYMENT_TARGET = 13.4;
				MTL_ENABLE_DEBUG_INFO = NO;
				MTL_FAST_MATH = YES;
				SDKROOT = iphoneos;
				SWIFT_COMPILATION_MODE = wholemodule;
				SWIFT_OPTIMIZATION_LEVEL = "-O";
				VALIDATE_PRODUCT = YES;
			};
			name = Release;
		};
		DD4DEE6D245049FD009619BA /* Debug */ = {
			isa = XCBuildConfiguration;
			buildSettings = {
				ASSETCATALOG_COMPILER_APPICON_NAME = AppIcon;
				CODE_SIGN_STYLE = Automatic;
				DEVELOPMENT_TEAM = LCRZABQ3TM;
				INFOPLIST_FILE = Set/Info.plist;
				LD_RUNPATH_SEARCH_PATHS = (
					"$(inherited)",
					"@executable_path/Frameworks",
				);
				PRODUCT_BUNDLE_IDENTIFIER = com.ios.training.Set;
				PRODUCT_NAME = "$(TARGET_NAME)";
				SWIFT_VERSION = 5.0;
				TARGETED_DEVICE_FAMILY = "1,2";
			};
			name = Debug;
		};
		DD4DEE6E245049FD009619BA /* Release */ = {
			isa = XCBuildConfiguration;
			buildSettings = {
				ASSETCATALOG_COMPILER_APPICON_NAME = AppIcon;
				CODE_SIGN_STYLE = Automatic;
				DEVELOPMENT_TEAM = LCRZABQ3TM;
				INFOPLIST_FILE = Set/Info.plist;
				LD_RUNPATH_SEARCH_PATHS = (
					"$(inherited)",
					"@executable_path/Frameworks",
				);
				PRODUCT_BUNDLE_IDENTIFIER = com.ios.training.Set;
				PRODUCT_NAME = "$(TARGET_NAME)";
				SWIFT_VERSION = 5.0;
				TARGETED_DEVICE_FAMILY = "1,2";
			};
			name = Release;
		};
		DD4DEE70245049FD009619BA /* Debug */ = {
			isa = XCBuildConfiguration;
			buildSettings = {
				ALWAYS_EMBED_SWIFT_STANDARD_LIBRARIES = YES;
				BUNDLE_LOADER = "$(TEST_HOST)";
				CODE_SIGN_STYLE = Automatic;
				DEVELOPMENT_TEAM = LCRZABQ3TM;
				INFOPLIST_FILE = SetTests/Info.plist;
				IPHONEOS_DEPLOYMENT_TARGET = 13.4;
				LD_RUNPATH_SEARCH_PATHS = (
					"$(inherited)",
					"@executable_path/Frameworks",
					"@loader_path/Frameworks",
				);
				PRODUCT_BUNDLE_IDENTIFIER = com.ios.training.SetTests;
				PRODUCT_NAME = "$(TARGET_NAME)";
				SWIFT_VERSION = 5.0;
				TARGETED_DEVICE_FAMILY = "1,2";
				TEST_HOST = "$(BUILT_PRODUCTS_DIR)/Set.app/Set";
			};
			name = Debug;
		};
		DD4DEE71245049FD009619BA /* Release */ = {
			isa = XCBuildConfiguration;
			buildSettings = {
				ALWAYS_EMBED_SWIFT_STANDARD_LIBRARIES = YES;
				BUNDLE_LOADER = "$(TEST_HOST)";
				CODE_SIGN_STYLE = Automatic;
				DEVELOPMENT_TEAM = LCRZABQ3TM;
				INFOPLIST_FILE = SetTests/Info.plist;
				IPHONEOS_DEPLOYMENT_TARGET = 13.4;
				LD_RUNPATH_SEARCH_PATHS = (
					"$(inherited)",
					"@executable_path/Frameworks",
					"@loader_path/Frameworks",
				);
				PRODUCT_BUNDLE_IDENTIFIER = com.ios.training.SetTests;
				PRODUCT_NAME = "$(TARGET_NAME)";
				SWIFT_VERSION = 5.0;
				TARGETED_DEVICE_FAMILY = "1,2";
				TEST_HOST = "$(BUILT_PRODUCTS_DIR)/Set.app/Set";
			};
			name = Release;
		};
		DD4DEE73245049FD009619BA /* Debug */ = {
			isa = XCBuildConfiguration;
			buildSettings = {
				ALWAYS_EMBED_SWIFT_STANDARD_LIBRARIES = YES;
				CODE_SIGN_STYLE = Automatic;
				DEVELOPMENT_TEAM = LCRZABQ3TM;
				INFOPLIST_FILE = SetUITests/Info.plist;
				LD_RUNPATH_SEARCH_PATHS = (
					"$(inherited)",
					"@executable_path/Frameworks",
					"@loader_path/Frameworks",
				);
				PRODUCT_BUNDLE_IDENTIFIER = com.ios.training.SetUITests;
				PRODUCT_NAME = "$(TARGET_NAME)";
				SWIFT_VERSION = 5.0;
				TARGETED_DEVICE_FAMILY = "1,2";
				TEST_TARGET_NAME = Set;
			};
			name = Debug;
		};
		DD4DEE74245049FD009619BA /* Release */ = {
			isa = XCBuildConfiguration;
			buildSettings = {
				ALWAYS_EMBED_SWIFT_STANDARD_LIBRARIES = YES;
				CODE_SIGN_STYLE = Automatic;
				DEVELOPMENT_TEAM = LCRZABQ3TM;
				INFOPLIST_FILE = SetUITests/Info.plist;
				LD_RUNPATH_SEARCH_PATHS = (
					"$(inherited)",
					"@executable_path/Frameworks",
					"@loader_path/Frameworks",
				);
				PRODUCT_BUNDLE_IDENTIFIER = com.ios.training.SetUITests;
				PRODUCT_NAME = "$(TARGET_NAME)";
				SWIFT_VERSION = 5.0;
				TARGETED_DEVICE_FAMILY = "1,2";
				TEST_TARGET_NAME = Set;
			};
			name = Release;
		};
/* End XCBuildConfiguration section */

/* Begin XCConfigurationList section */
		DD4DEE3D245049FC009619BA /* Build configuration list for PBXProject "Set" */ = {
			isa = XCConfigurationList;
			buildConfigurations = (
				DD4DEE6A245049FD009619BA /* Debug */,
				DD4DEE6B245049FD009619BA /* Release */,
			);
			defaultConfigurationIsVisible = 0;
			defaultConfigurationName = Release;
		};
		DD4DEE6C245049FD009619BA /* Build configuration list for PBXNativeTarget "Set" */ = {
			isa = XCConfigurationList;
			buildConfigurations = (
				DD4DEE6D245049FD009619BA /* Debug */,
				DD4DEE6E245049FD009619BA /* Release */,
			);
			defaultConfigurationIsVisible = 0;
			defaultConfigurationName = Release;
		};
		DD4DEE6F245049FD009619BA /* Build configuration list for PBXNativeTarget "SetTests" */ = {
			isa = XCConfigurationList;
			buildConfigurations = (
				DD4DEE70245049FD009619BA /* Debug */,
				DD4DEE71245049FD009619BA /* Release */,
			);
			defaultConfigurationIsVisible = 0;
			defaultConfigurationName = Release;
		};
		DD4DEE72245049FD009619BA /* Build configuration list for PBXNativeTarget "SetUITests" */ = {
			isa = XCConfigurationList;
			buildConfigurations = (
				DD4DEE73245049FD009619BA /* Debug */,
				DD4DEE74245049FD009619BA /* Release */,
			);
			defaultConfigurationIsVisible = 0;
			defaultConfigurationName = Release;
		};
/* End XCConfigurationList section */
	};
	rootObject = DD4DEE3A245049FC009619BA /* Project object */;
}
